
Microsoft Visual Studio Solution File, Format Version 12.00
# Visual Studio Version 17
VisualStudioVersion = 17.14.36121.58 d17.14
MinimumVisualStudioVersion = 10.0.40219.1
Project("{FAE04EC0-301F-11D3-BF4B-00C04F79EFBC}") = "MyDockerApp", "MyDockerApp\MyDockerApp.csproj", "{679FC49E-BD2E-48A4-ABC4-FB90FE71DCC4}"
EndProject
Global
	GlobalSection(SolutionConfigurationPlatforms) = preSolution
		Debug|Any CPU = Debug|Any CPU
		Release|Any CPU = Release|Any CPU
	EndGlobalSection
	GlobalSection(ProjectConfigurationPlatforms) = postSolution
		{679FC49E-BD2E-48A4-ABC4-FB90FE71DCC4}.Debug|Any CPU.ActiveCfg = Debug|Any CPU
		{679FC49E-BD2E-48A4-ABC4-FB90FE71DCC4}.Debug|Any CPU.Build.0 = Debug|Any CPU
		{679FC49E-BD2E-48A4-ABC4-FB90FE71DCC4}.Release|Any CPU.ActiveCfg = Release|Any CPU
		{679FC49E-BD2E-48A4-ABC4-FB90FE71DCC4}.Release|Any CPU.Build.0 = Release|Any CPU
	EndGlobalSection
	GlobalSection(SolutionProperties) = preSolution
		HideSolutionNode = FALSE
	EndGlobalSection
	GlobalSection(ExtensibilityGlobals) = postSolution
		SolutionGuid = {CF306825-A390-4BF8-BE46-1249E7431559}
	EndGlobalSection
EndGlobal
